
Microsoft Visual Studio Solution File, Format Version 12.00
# Visual Studio Version 17
VisualStudioVersion = 17.2.32630.192
MinimumVisualStudioVersion = 10.0.40219.1
Project("{9A19103F-16F7-4668-BE54-9A1E7A4F7556}") = "LineComparisonD3", "LineComparisonD3.csproj", "{95192F79-7516-4683-9195-67A1593C7681}"
EndProject
Global
	GlobalSection(SolutionConfigurationPlatforms) = preSolution
		Debug|Any CPU = Debug|Any CPU
		Release|Any CPU = Release|Any CPU
	EndGlobalSection
	GlobalSection(ProjectConfigurationPlatforms) = postSolution
		{95192F79-7516-4683-9195-67A1593C7681}.Debug|Any CPU.ActiveCfg = Debug|Any CPU
		{95192F79-7516-4683-9195-67A1593C7681}.Debug|Any CPU.Build.0 = Debug|Any CPU
		{95192F79-7516-4683-9195-67A1593C7681}.Release|Any CPU.ActiveCfg = Release|Any CPU
		{95192F79-7516-4683-9195-67A1593C7681}.Release|Any CPU.Build.0 = Release|Any CPU
	EndGlobalSection
	GlobalSection(SolutionProperties) = preSolution
		HideSolutionNode = FALSE
	EndGlobalSection
	GlobalSection(ExtensibilityGlobals) = postSolution
		SolutionGuid = {5368C858-C0A9-4C92-9899-9A3BF4C9B859}
	EndGlobalSection
EndGlobal
